
Microsoft Visual Studio Solution File, Format Version 12.00
# Visual Studio 15
VisualStudioVersion = 15.0.28010.2048
MinimumVisualStudioVersion = 10.0.40219.1
Project("{8BC9CEB8-8B4A-11D0-8D11-00A0C91BC942}") = "Sol-Hmn", "Sol-Hmn\Sol-Hmn.vcxproj", "{04C7EFE7-63CE-426D-BA44-DE0D98F99E5E}"
EndProject
Global
	GlobalSection(SolutionConfigurationPlatforms) = preSolution
		Debug|x64 = Debug|x64
		Debug|x86 = Debug|x86
		Release|x64 = Release|x64
		Release|x86 = Release|x86
	EndGlobalSection
	GlobalSection(ProjectConfigurationPlatforms) = postSolution
		{04C7EFE7-63CE-426D-BA44-DE0D98F99E5E}.Debug|x64.ActiveCfg = Debug|x64
		{04C7EFE7-63CE-426D-BA44-DE0D98F99E5E}.Debug|x64.Build.0 = Debug|x64
		{04C7EFE7-63CE-426D-BA44-DE0D98F99E5E}.Debug|x86.ActiveCfg = Debug|Win32
		{04C7EFE7-63CE-426D-BA44-DE0D98F99E5E}.Debug|x86.Build.0 = Debug|Win32
		{04C7EFE7-63CE-426D-BA44-DE0D98F99E5E}.Release|x64.ActiveCfg = Release|x64
		{04C7EFE7-63CE-426D-BA44-DE0D98F99E5E}.Release|x64.Build.0 = Release|x64
		{04C7EFE7-63CE-426D-BA44-DE0D98F99E5E}.Release|x86.ActiveCfg = Release|Win32
		{04C7EFE7-63CE-426D-BA44-DE0D98F99E5E}.Release|x86.Build.0 = Release|Win32
	EndGlobalSection
	GlobalSection(SolutionProperties) = preSolution
		HideSolutionNode = FALSE
	EndGlobalSection
	GlobalSection(ExtensibilityGlobals) = postSolution
		SolutionGuid = {06CEA867-28E6-4180-A6BD-879861601C45}
	EndGlobalSection
EndGlobal
